PODS:
  - datatower_ai_core (0.0.2):
    - DataTowerAICore (~> 2.1.0)
    - Flutter
  - DataTowerAICore (2.1.0)
  - Flutter (1.0.0)
  - fluttertoast (0.0.2):
    - Flutter
    - Toast
  - integration_test (0.0.1):
    - Flutter
  - Toast (4.0.0)

DEPENDENCIES:
  - datatower_ai_core (from `.symlinks/plugins/datatower_ai_core/ios`)
  - Flutter (from `Flutter`)
  - fluttertoast (from `.symlinks/plugins/fluttertoast/ios`)
  - integration_test (from `.symlinks/plugins/integration_test/ios`)

SPEC REPOS:
  trunk:
    - DataTowerAICore
    - Toast

EXTERNAL SOURCES:
  datatower_ai_core:
    :path: ".symlinks/plugins/datatower_ai_core/ios"
  Flutter:
    :path: Flutter
  fluttertoast:
    :path: ".symlinks/plugins/fluttertoast/ios"
  integration_test:
    :path: ".symlinks/plugins/integration_test/ios"

SPEC CHECKSUMS:
  datatower_ai_core: 0187eea9fde097c328c34671be290a01223ababb
  DataTowerAICore: 22e9cd96958421b032c7ae86be69f3338e007d6c
  Flutter: f04841e97a9d0b0a8025694d0796dd46242b2854
  fluttertoast: fafc4fa4d01a6a9e4f772ecd190ffa525e9e2d9c
  integration_test: 13825b8a9334a850581300559b8839134b124670
  Toast: 91b396c56ee72a5790816f40d3a94dd357abc196

PODFILE CHECKSUM: 3fa3b71e93b773646ea923db9defae9e3f1717ab

COCOAPODS: 1.12.1
